schema: '2.0'
stages:
  train:
    cmd: uv run src/train.py
    deps:
    - path: src/train.py
      hash: md5
      md5: c8de29aff6479f80f3f76276872f2639
      size: 2055
    params:
      params.yaml:
        random_state: 42
    outs:
    - path: data/X.csv
      hash: md5
      md5: 74538066c0d5c345c1f44204ef5a3cba
      size: 2961
    - path: data/y.csv
      hash: md5
      md5: 9e1ce6a4b9363a12d06d7aec2eeeb7cb
      size: 798
    - path: results/model/model.pkl
      hash: md5
      md5: e5d4f577c08ad78bd66b289dd89e9abd
      size: 483
    - path: results/report.md
      hash: md5
      md5: 74a3d0dc7c526980cc373696ab4382bc
      size: 115
